// !$*UTF8*$!
{
	archiveVersion = 1;
	classes = {
	};
	objectVersion = 51;
	objects = {

/* Begin PBXBuildFile section */
		8611A6FB441CD97A3E6D1505 /* Pods_SeikakuShindan.framework in Frameworks */ = {isa = PBXBuildFile; fileRef = 4F96AAF44A86B09FC242D79C /* Pods_SeikakuShindan.framework */; };
		B16BE2F424C14A4400951122 /* AppDelegate.swift in Sources */ = {isa = PBXBuildFile; fileRef = B16BE2F324C14A4400951122 /* AppDelegate.swift */; };
		B16BE2F624C14A4400951122 /* SceneDelegate.swift in Sources */ = {isa = PBXBuildFile; fileRef = B16BE2F524C14A4400951122 /* SceneDelegate.swift */; };
		B16BE2F824C14A4400951122 /* ViewController.swift in Sources */ = {isa = PBXBuildFile; fileRef = B16BE2F724C14A4400951122 /* ViewController.swift */; };
		B16BE2FB24C14A4400951122 /* Main.storyboard in Resources */ = {isa = PBXBuildFile; fileRef = B16BE2F924C14A4400951122 /* Main.storyboard */; };
		B16BE2FD24C14A4500951122 /* Assets.xcassets in Resources */ = {isa = PBXBuildFile; fileRef = B16BE2FC24C14A4500951122 /* Assets.xcassets */; };
		B16BE30024C14A4500951122 /* LaunchScreen.storyboard in Resources */ = {isa = PBXBuildFile; fileRef = B16BE2FE24C14A4500951122 /* LaunchScreen.storyboard */; };
		B16BE30824C14ABE00951122 /* analyze.json in Resources */ = {isa = PBXBuildFile; fileRef = B16BE30724C14ABE00951122 /* analyze.json */; };
		B16BE30A24C14ACB00951122 /* loading.json in Resources */ = {isa = PBXBuildFile; fileRef = B16BE30924C14ACB00951122 /* loading.json */; };
		B16BE30F24C14F8100951122 /* UIColorExtension.swift in Sources */ = {isa = PBXBuildFile; fileRef = B16BE30B24C14F8000951122 /* UIColorExtension.swift */; };
		B16BE31024C14F8100951122 /* RadarMarkerView.xib in Resources */ = {isa = PBXBuildFile; fileRef = B16BE30C24C14F8000951122 /* RadarMarkerView.xib */; };
		B16BE31124C14F8100951122 /* DemoBaseViewController.swift in Sources */ = {isa = PBXBuildFile; fileRef = B16BE30D24C14F8000951122 /* DemoBaseViewController.swift */; };
		B16BE31224C14F8100951122 /* RadarMarkerView.swift in Sources */ = {isa = PBXBuildFile; fileRef = B16BE30E24C14F8100951122 /* RadarMarkerView.swift */; };
		B16BE31424C18BCC00951122 /* DetailViewController.swift in Sources */ = {isa = PBXBuildFile; fileRef = B16BE31324C18BCC00951122 /* DetailViewController.swift */; };
		B16BE31624C196BB00951122 /* WebViewController.swift in Sources */ = {isa = PBXBuildFile; fileRef = B16BE31524C196BB00951122 /* WebViewController.swift */; };
		B16BE31824C1BC6000951122 /* Personality_TrendsViewController.swift in Sources */ = {isa = PBXBuildFile; fileRef = B16BE31724C1BC6000951122 /* Personality_TrendsViewController.swift */; };
/* End PBXBuildFile section */

/* Begin PBXFileReference section */
		223F2E84BC33F5FD009B87D9 /* Pods-SeikakuShindan.release.xcconfig */ = {isa = PBXFileReference; includeInIndex = 1; lastKnownFileType = text.xcconfig; name = "Pods-SeikakuShindan.release.xcconfig"; path = "Target Support Files/Pods-SeikakuShindan/Pods-SeikakuShindan.release.xcconfig"; sourceTree = "<group>"; };
		4F96AAF44A86B09FC242D79C /* Pods_SeikakuShindan.framework */ = {isa = PBXFileReference; explicitFileType = wrapper.framework; includeInIndex = 0; path = Pods_SeikakuShindan.framework; sourceTree = BUILT_PRODUCTS_DIR; };
		6A84B5E304EF0A1D31700919 /* Pods-SeikakuShindan.debug.xcconfig */ = {isa = PBXFileReference; includeInIndex = 1; lastKnownFileType = text.xcconfig; name = "Pods-SeikakuShindan.debug.xcconfig"; path = "Target Support Files/Pods-SeikakuShindan/Pods-SeikakuShindan.debug.xcconfig"; sourceTree = "<group>"; };
		B16BE2F024C14A4400951122 /* SeikakuShindan.app */ = {isa = PBXFileReference; explicitFileType = wrapper.application; includeInIndex = 0; path = SeikakuShindan.app; sourceTree = BUILT_PRODUCTS_DIR; };
		B16BE2F324C14A4400951122 /* AppDelegate.swift */ = {isa = PBXFileReference; lastKnownFileType = sourcecode.swift; path = AppDelegate.swift; sourceTree = "<group>"; };
		B16BE2F524C14A4400951122 /* SceneDelegate.swift */ = {isa = PBXFileReference; lastKnownFileType = sourcecode.swift; path = SceneDelegate.swift; sourceTree = "<group>"; };
		B16BE2F724C14A4400951122 /* ViewController.swift */ = {isa = PBXFileReference; lastKnownFileType = sourcecode.swift; path = ViewController.swift; sourceTree = "<group>"; };
		B16BE2FA24C14A4400951122 /* Base */ = {isa = PBXFileReference; lastKnownFileType = file.storyboard; name = Base; path = Base.lproj/Main.storyboard; sourceTree = "<group>"; };
		B16BE2FC24C14A4500951122 /* Assets.xcassets */ = {isa = PBXFileReference; lastKnownFileType = folder.assetcatalog; path = Assets.xcassets; sourceTree = "<group>"; };
		B16BE2FF24C14A4500951122 /* Base */ = {isa = PBXFileReference; lastKnownFileType = file.storyboard; name = Base; path = Base.lproj/LaunchScreen.storyboard; sourceTree = "<group>"; };
		B16BE30124C14A4500951122 /* Info.plist */ = {isa = PBXFileReference; lastKnownFileType = text.plist.xml; path = Info.plist; sourceTree = "<group>"; };
		B16BE30724C14ABE00951122 /* analyze.json */ = {isa = PBXFileReference; fileEncoding = 4; lastKnownFileType = text.json; path = analyze.json; sourceTree = "<group>"; };
		B16BE30924C14ACB00951122 /* loading.json */ = {isa = PBXFileReference; fileEncoding = 4; lastKnownFileType = text.json; path = loading.json; sourceTree = "<group>"; };
		B16BE30B24C14F8000951122 /* UIColorExtension.swift */ = {isa = PBXFileReference; fileEncoding = 4; lastKnownFileType = sourcecode.swift; path = UIColorExtension.swift; sourceTree = "<group>"; };
		B16BE30C24C14F8000951122 /* RadarMarkerView.xib */ = {isa = PBXFileReference; fileEncoding = 4; lastKnownFileType = file.xib; path = RadarMarkerView.xib; sourceTree = "<group>"; };
		B16BE30D24C14F8000951122 /* DemoBaseViewController.swift */ = {isa = PBXFileReference; fileEncoding = 4; lastKnownFileType = sourcecode.swift; path = DemoBaseViewController.swift; sourceTree = "<group>"; };
		B16BE30E24C14F8100951122 /* RadarMarkerView.swift */ = {isa = PBXFileReference; fileEncoding = 4; lastKnownFileType = sourcecode.swift; path = RadarMarkerView.swift; sourceTree = "<group>"; };
		B16BE31324C18BCC00951122 /* DetailViewController.swift */ = {isa = PBXFileReference; lastKnownFileType = sourcecode.swift; path = DetailViewController.swift; sourceTree = "<group>"; };
		B16BE31524C196BB00951122 /* WebViewController.swift */ = {isa = PBXFileReference; lastKnownFileType = sourcecode.swift; path = WebViewController.swift; sourceTree = "<group>"; };
		B16BE31724C1BC6000951122 /* Personality_TrendsViewController.swift */ = {isa = PBXFileReference; lastKnownFileType = sourcecode.swift; path = Personality_TrendsViewController.swift; sourceTree = "<group>"; };
/* End PBXFileReference section */

/* Begin PBXFrameworksBuildPhase section */
		B16BE2ED24C14A4400951122 /* Frameworks */ = {
			isa = PBXFrameworksBuildPhase;
			buildActionMask = 2147483647;
			files = (
				8611A6FB441CD97A3E6D1505 /* Pods_SeikakuShindan.framework in Frameworks */,
			);
			runOnlyForDeploymentPostprocessing = 0;
		};
/* End PBXFrameworksBuildPhase section */

/* Begin PBXGroup section */
		1F7017200242C55C1E74ABDC /* Frameworks */ = {
			isa = PBXGroup;
			children = (
				4F96AAF44A86B09FC242D79C /* Pods_SeikakuShindan.framework */,
			);
			name = Frameworks;
			sourceTree = "<group>";
		};
		B16BE2E724C14A4400951122 = {
			isa = PBXGroup;
			children = (
				B16BE2F224C14A4400951122 /* SeikakuShindan */,
				B16BE2F124C14A4400951122 /* Products */,
				B49CBB64280A32B79F7FBA7B /* Pods */,
				1F7017200242C55C1E74ABDC /* Frameworks */,
			);
			sourceTree = "<group>";
		};
		B16BE2F124C14A4400951122 /* Products */ = {
			isa = PBXGroup;
			children = (
				B16BE2F024C14A4400951122 /* SeikakuShindan.app */,
			);
			name = Products;
			sourceTree = "<group>";
		};
		B16BE2F224C14A4400951122 /* SeikakuShindan */ = {
			isa = PBXGroup;
			children = (
				B16BE2F324C14A4400951122 /* AppDelegate.swift */,
				B16BE2F524C14A4400951122 /* SceneDelegate.swift */,
				B16BE2F724C14A4400951122 /* ViewController.swift */,
				B16BE31324C18BCC00951122 /* DetailViewController.swift */,
				B16BE31524C196BB00951122 /* WebViewController.swift */,
				B16BE31724C1BC6000951122 /* Personality_TrendsViewController.swift */,
				B16BE2F924C14A4400951122 /* Main.storyboard */,
				B16BE30D24C14F8000951122 /* DemoBaseViewController.swift */,
				B16BE30E24C14F8100951122 /* RadarMarkerView.swift */,
				B16BE30C24C14F8000951122 /* RadarMarkerView.xib */,
				B16BE30B24C14F8000951122 /* UIColorExtension.swift */,
				B16BE2FC24C14A4500951122 /* Assets.xcassets */,
				B16BE2FE24C14A4500951122 /* LaunchScreen.storyboard */,
				B16BE30124C14A4500951122 /* Info.plist */,
				B16BE30724C14ABE00951122 /* analyze.json */,
				B16BE30924C14ACB00951122 /* loading.json */,
			);
			path = SeikakuShindan;
			sourceTree = "<group>";
		};
		B49CBB64280A32B79F7FBA7B /* Pods */ = {
			isa = PBXGroup;
			children = (
				6A84B5E304EF0A1D31700919 /* Pods-SeikakuShindan.debug.xcconfig */,
				223F2E84BC33F5FD009B87D9 /* Pods-SeikakuShindan.release.xcconfig */,
			);
			path = Pods;
			sourceTree = "<group>";
		};
/* End PBXGroup section */

/* Begin PBXNativeTarget section */
		B16BE2EF24C14A4400951122 /* SeikakuShindan */ = {
			isa = PBXNativeTarget;
			buildConfigurationList = B16BE30424C14A4500951122 /* Build configuration list for PBXNativeTarget "SeikakuShindan" */;
			buildPhases = (
				C67145E0132943F7F9B9CE8E /* [CP] Check Pods Manifest.lock */,
				B16BE2EC24C14A4400951122 /* Sources */,
				B16BE2ED24C14A4400951122 /* Frameworks */,
				B16BE2EE24C14A4400951122 /* Resources */,
				D100A42CE2EC373D7004253E /* [CP] Embed Pods Frameworks */,
			);
			buildRules = (
			);
			dependencies = (
			);
			name = SeikakuShindan;
			productName = SeikakuShindan;
			productReference = B16BE2F024C14A4400951122 /* SeikakuShindan.app */;
			productType = "com.apple.product-type.application";
		};
/* End PBXNativeTarget section */

/* Begin PBXProject section */
		B16BE2E824C14A4400951122 /* Project object */ = {
			isa = PBXProject;
			attributes = {
				LastSwiftUpdateCheck = 1150;
				LastUpgradeCheck = 1150;
				ORGANIZATIONNAME = "Yusuke Mitsugi";
				TargetAttributes = {
					B16BE2EF24C14A4400951122 = {
						CreatedOnToolsVersion = 11.5;
					};
				};
			};
			buildConfigurationList = B16BE2EB24C14A4400951122 /* Build configuration list for PBXProject "SeikakuShindan" */;
			compatibilityVersion = "Xcode 9.3";
			developmentRegion = en;
			hasScannedForEncodings = 0;
			knownRegions = (
				en,
				Base,
			);
			mainGroup = B16BE2E724C14A4400951122;
			productRefGroup = B16BE2F124C14A4400951122 /* Products */;
			projectDirPath = "";
			projectRoot = "";
			targets = (
				B16BE2EF24C14A4400951122 /* SeikakuShindan */,
			);
		};
/* End PBXProject section */

/* Begin PBXResourcesBuildPhase section */
		B16BE2EE24C14A4400951122 /* Resources */ = {
			isa = PBXResourcesBuildPhase;
			buildActionMask = 2147483647;
			files = (
				B16BE30824C14ABE00951122 /* analyze.json in Resources */,
				B16BE30024C14A4500951122 /* LaunchScreen.storyboard in Resources */,
				B16BE2FD24C14A4500951122 /* Assets.xcassets in Resources */,
				B16BE2FB24C14A4400951122 /* Main.storyboard in Resources */,
				B16BE30A24C14ACB00951122 /* loading.json in Resources */,
				B16BE31024C14F8100951122 /* RadarMarkerView.xib in Resources */,
			);
			runOnlyForDeploymentPostprocessing = 0;
		};
/* End PBXResourcesBuildPhase section */

/* Begin PBXShellScriptBuildPhase section */
		C67145E0132943F7F9B9CE8E /* [CP] Check Pods Manifest.lock */ = {
			isa = PBXShellScriptBuildPhase;
			buildActionMask = 2147483647;
			files = (
			);
			inputFileListPaths = (
			);
			inputPaths = (
				"${PODS_PODFILE_DIR_PATH}/Podfile.lock",
				"${PODS_ROOT}/Manifest.lock",
			);
			name = "[CP] Check Pods Manifest.lock";
			outputFileListPaths = (
			);
			outputPaths = (
				"$(DERIVED_FILE_DIR)/Pods-SeikakuShindan-checkManifestLockResult.txt",
			);
			runOnlyForDeploymentPostprocessing = 0;
			shellPath = /bin/sh;
			shellScript = "diff \"${PODS_PODFILE_DIR_PATH}/Podfile.lock\" \"${PODS_ROOT}/Manifest.lock\" > /dev/null\nif [ $? != 0 ] ; then\n    # print error to STDERR\n    echo \"error: The sandbox is not in sync with the Podfile.lock. Run 'pod install' or update your CocoaPods installation.\" >&2\n    exit 1\nfi\n# This output is used by Xcode 'outputs' to avoid re-running this script phase.\necho \"SUCCESS\" > \"${SCRIPT_OUTPUT_FILE_0}\"\n";
			showEnvVarsInLog = 0;
		};
		D100A42CE2EC373D7004253E /* [CP] Embed Pods Frameworks */ = {
			isa = PBXShellScriptBuildPhase;
			buildActionMask = 2147483647;
			files = (
			);
			inputFileListPaths = (
				"${PODS_ROOT}/Target Support Files/Pods-SeikakuShindan/Pods-SeikakuShindan-frameworks-${CONFIGURATION}-input-files.xcfilelist",
			);
			name = "[CP] Embed Pods Frameworks";
			outputFileListPaths = (
				"${PODS_ROOT}/Target Support Files/Pods-SeikakuShindan/Pods-SeikakuShindan-frameworks-${CONFIGURATION}-output-files.xcfilelist",
			);
			runOnlyForDeploymentPostprocessing = 0;
			shellPath = /bin/sh;
			shellScript = "\"${PODS_ROOT}/Target Support Files/Pods-SeikakuShindan/Pods-SeikakuShindan-frameworks.sh\"\n";
			showEnvVarsInLog = 0;
		};
/* End PBXShellScriptBuildPhase section */

/* Begin PBXSourcesBuildPhase section */
		B16BE2EC24C14A4400951122 /* Sources */ = {
			isa = PBXSourcesBuildPhase;
			buildActionMask = 2147483647;
			files = (
				B16BE31124C14F8100951122 /* DemoBaseViewController.swift in Sources */,
				B16BE2F824C14A4400951122 /* ViewController.swift in Sources */,
				B16BE31824C1BC6000951122 /* Personality_TrendsViewController.swift in Sources */,
				B16BE2F424C14A4400951122 /* AppDelegate.swift in Sources */,
				B16BE31224C14F8100951122 /* RadarMarkerView.swift in Sources */,
				B16BE2F624C14A4400951122 /* SceneDelegate.swift in Sources */,
				B16BE30F24C14F8100951122 /* UIColorExtension.swift in Sources */,
				B16BE31424C18BCC00951122 /* DetailViewController.swift in Sources */,
				B16BE31624C196BB00951122 /* WebViewController.swift in Sources */,
			);
			runOnlyForDeploymentPostprocessing = 0;
		};
/* End PBXSourcesBuildPhase section */

/* Begin PBXVariantGroup section */
		B16BE2F924C14A4400951122 /* Main.storyboard */ = {
			isa = PBXVariantGroup;
			children = (
				B16BE2FA24C14A4400951122 /* Base */,
			);
			name = Main.storyboard;
			sourceTree = "<group>";
		};
		B16BE2FE24C14A4500951122 /* LaunchScreen.storyboard */ = {
			isa = PBXVariantGroup;
			children = (
				B16BE2FF24C14A4500951122 /* Base */,
			);
			name = LaunchScreen.storyboard;
			sourceTree = "<group>";
		};
/* End PBXVariantGroup section */

/* Begin XCBuildConfiguration section */
		B16BE30224C14A4500951122 /* Debug */ = {
			isa = XCBuildConfiguration;
			buildSettings = {
				ALWAYS_SEARCH_USER_PATHS = NO;
				CLANG_ANALYZER_NONNULL = YES;
				CLANG_ANALYZER_NUMBER_OBJECT_CONVERSION = YES_AGGRESSIVE;
				CLANG_CXX_LANGUAGE_STANDARD = "gnu++14";
				CLANG_CXX_LIBRARY = "libc++";
				CLANG_ENABLE_MODULES = YES;
				CLANG_ENABLE_OBJC_ARC = YES;
				CLANG_ENABLE_OBJC_WEAK = YES;
				CLANG_WARN_BLOCK_CAPTURE_AUTORELEASING = YES;
				CLANG_WARN_BOOL_CONVERSION = YES;
				CLANG_WARN_COMMA = YES;
				CLANG_WARN_CONSTANT_CONVERSION = YES;
				CLANG_WARN_DEPRECATED_OBJC_IMPLEMENTATIONS = YES;
				CLANG_WARN_DIRECT_OBJC_ISA_USAGE = YES_ERROR;
				CLANG_WARN_DOCUMENTATION_COMMENTS = YES;
				CLANG_WARN_EMPTY_BODY = YES;
				CLANG_WARN_ENUM_CONVERSION = YES;
				CLANG_WARN_INFINITE_RECURSION = YES;
				CLANG_WARN_INT_CONVERSION = YES;
				CLANG_WARN_NON_LITERAL_NULL_CONVERSION = YES;
				CLANG_WARN_OBJC_IMPLICIT_RETAIN_SELF = YES;
				CLANG_WARN_OBJC_LITERAL_CONVERSION = YES;
				CLANG_WARN_OBJC_ROOT_CLASS = YES_ERROR;
				CLANG_WARN_RANGE_LOOP_ANALYSIS = YES;
				CLANG_WARN_STRICT_PROTOTYPES = YES;
				CLANG_WARN_SUSPICIOUS_MOVE = YES;
				CLANG_WARN_UNGUARDED_AVAILABILITY = YES_AGGRESSIVE;
				CLANG_WARN_UNREACHABLE_CODE = YES;
				CLANG_WARN__DUPLICATE_METHOD_MATCH = YES;
				COPY_PHASE_STRIP = NO;
				DEBUG_INFORMATION_FORMAT = dwarf;
				ENABLE_STRICT_OBJC_MSGSEND = YES;
				ENABLE_TESTABILITY = YES;
				GCC_C_LANGUAGE_STANDARD = gnu11;
				GCC_DYNAMIC_NO_PIC = NO;
				GCC_NO_COMMON_BLOCKS = YES;
				GCC_OPTIMIZATION_LEVEL = 0;
				GCC_PREPROCESSOR_DEFINITIONS = (
					"DEBUG=1",
					"$(inherited)",
				);
				GCC_WARN_64_TO_32_BIT_CONVERSION = YES;
				GCC_WARN_ABOUT_RETURN_TYPE = YES_ERROR;
				GCC_WARN_UNDECLARED_SELECTOR = YES;
				GCC_WARN_UNINITIALIZED_AUTOS = YES_AGGRESSIVE;
				GCC_WARN_UNUSED_FUNCTION = YES;
				GCC_WARN_UNUSED_VARIABLE = YES;
				IPHONEOS_DEPLOYMENT_TARGET = 13.5;
				MTL_ENABLE_DEBUG_INFO = INCLUDE_SOURCE;
				MTL_FAST_MATH = YES;
				ONLY_ACTIVE_ARCH = YES;
				SDKROOT = iphoneos;
				SWIFT_ACTIVE_COMPILATION_CONDITIONS = DEBUG;
				SWIFT_OPTIMIZATION_LEVEL = "-Onone";
			};
			name = Debug;
		};
		B16BE30324C14A4500951122 /* Release */ = {
			isa = XCBuildConfiguration;
			buildSettings = {
				ALWAYS_SEARCH_USER_PATHS = NO;
				CLANG_ANALYZER_NONNULL = YES;
				CLANG_ANALYZER_NUMBER_OBJECT_CONVERSION = YES_AGGRESSIVE;
				CLANG_CXX_LANGUAGE_STANDARD = "gnu++14";
				CLANG_CXX_LIBRARY = "libc++";
				CLANG_ENABLE_MODULES = YES;
				CLANG_ENABLE_OBJC_ARC = YES;
				CLANG_ENABLE_OBJC_WEAK = YES;
				CLANG_WARN_BLOCK_CAPTURE_AUTORELEASING = YES;
				CLANG_WARN_BOOL_CONVERSION = YES;
				CLANG_WARN_COMMA = YES;
				CLANG_WARN_CONSTANT_CONVERSION = YES;
				CLANG_WARN_DEPRECATED_OBJC_IMPLEMENTATIONS = YES;
				CLANG_WARN_DIRECT_OBJC_ISA_USAGE = YES_ERROR;
				CLANG_WARN_DOCUMENTATION_COMMENTS = YES;
				CLANG_WARN_EMPTY_BODY = YES;
				CLANG_WARN_ENUM_CONVERSION = YES;
				CLANG_WARN_INFINITE_RECURSION = YES;
				CLANG_WARN_INT_CONVERSION = YES;
				CLANG_WARN_NON_LITERAL_NULL_CONVERSION = YES;
				CLANG_WARN_OBJC_IMPLICIT_RETAIN_SELF = YES;
				CLANG_WARN_OBJC_LITERAL_CONVERSION = YES;
				CLANG_WARN_OBJC_ROOT_CLASS = YES_ERROR;
				CLANG_WARN_RANGE_LOOP_ANALYSIS = YES;
				CLANG_WARN_STRICT_PROTOTYPES = YES;
				CLANG_WARN_SUSPICIOUS_MOVE = YES;
				CLANG_WARN_UNGUARDED_AVAILABILITY = YES_AGGRESSIVE;
				CLANG_WARN_UNREACHABLE_CODE = YES;
				CLANG_WARN__DUPLICATE_METHOD_MATCH = YES;
				COPY_PHASE_STRIP = NO;
				DEBUG_INFORMATION_FORMAT = "dwarf-with-dsym";
				ENABLE_NS_ASSERTIONS = NO;
				ENABLE_STRICT_OBJC_MSGSEND = YES;
				GCC_C_LANGUAGE_STANDARD = gnu11;
				GCC_NO_COMMON_BLOCKS = YES;
				GCC_WARN_64_TO_32_BIT_CONVERSION = YES;
				GCC_WARN_ABOUT_RETURN_TYPE = YES_ERROR;
				GCC_WARN_UNDECLARED_SELECTOR = YES;
				GCC_WARN_UNINITIALIZED_AUTOS = YES_AGGRESSIVE;
				GCC_WARN_UNUSED_FUNCTION = YES;
				GCC_WARN_UNUSED_VARIABLE = YES;
				IPHONEOS_DEPLOYMENT_TARGET = 13.5;
				MTL_ENABLE_DEBUG_INFO = NO;
				MTL_FAST_MATH = YES;
				SDKROOT = iphoneos;
				SWIFT_COMPILATION_MODE = wholemodule;
				SWIFT_OPTIMIZATION_LEVEL = "-O";
				VALIDATE_PRODUCT = YES;
			};
			name = Release;
		};
		B16BE30524C14A4500951122 /* Debug */ = {
			isa = XCBuildConfiguration;
			baseConfigurationReference = 6A84B5E304EF0A1D31700919 /* Pods-SeikakuShindan.debug.xcconfig */;
			buildSettings = {
				ASSETCATALOG_COMPILER_APPICON_NAME = AppIcon;
				CODE_SIGN_STYLE = Automatic;
				DEVELOPMENT_TEAM = 9QL33AZPF6;
				INFOPLIST_FILE = SeikakuShindan/Info.plist;
				LD_RUNPATH_SEARCH_PATHS = (
					"$(inherited)",
					"@executable_path/Frameworks",
				);
				PRODUCT_BUNDLE_IDENTIFIER = com.gmail.jungle.pastabal.SeikakuShindan;
				PRODUCT_NAME = "$(TARGET_NAME)";
				SWIFT_VERSION = 5.0;
				TARGETED_DEVICE_FAMILY = "1,2";
			};
			name = Debug;
		};
		B16BE30624C14A4500951122 /* Release */ = {
			isa = XCBuildConfiguration;
			baseConfigurationReference = 223F2E84BC33F5FD009B87D9 /* Pods-SeikakuShindan.release.xcconfig */;
			buildSettings = {
				ASSETCATALOG_COMPILER_APPICON_NAME = AppIcon;
				CODE_SIGN_STYLE = Automatic;
				DEVELOPMENT_TEAM = 9QL33AZPF6;
				INFOPLIST_FILE = SeikakuShindan/Info.plist;
				LD_RUNPATH_SEARCH_PATHS = (
					"$(inherited)",
					"@executable_path/Frameworks",
				);
				PRODUCT_BUNDLE_IDENTIFIER = com.gmail.jungle.pastabal.SeikakuShindan;
				PRODUCT_NAME = "$(TARGET_NAME)";
				SWIFT_VERSION = 5.0;
				TARGETED_DEVICE_FAMILY = "1,2";
			};
			name = Release;
		};
/* End XCBuildConfiguration section */

/* Begin XCConfigurationList section */
		B16BE2EB24C14A4400951122 /* Build configuration list for PBXProject "SeikakuShindan" */ = {
			isa = XCConfigurationList;
			buildConfigurations = (
				B16BE30224C14A4500951122 /* Debug */,
				B16BE30324C14A4500951122 /* Release */,
			);
			defaultConfigurationIsVisible = 0;
			defaultConfigurationName = Release;
		};
		B16BE30424C14A4500951122 /* Build configuration list for PBXNativeTarget "SeikakuShindan" */ = {
			isa = XCConfigurationList;
			buildConfigurations = (
				B16BE30524C14A4500951122 /* Debug */,
				B16BE30624C14A4500951122 /* Release */,
			);
			defaultConfigurationIsVisible = 0;
			defaultConfigurationName = Release;
		};
/* End XCConfigurationList section */
	};
	rootObject = B16BE2E824C14A4400951122 /* Project object */;
}
